{
    "_readme": [
        "This file locks the dependencies of your project to a known state",
        "Read more about it at https://getcomposer.org/doc/01-basic-usage.md#installing-dependencies",
        "This file is @generated automatically"
    ],
    "content-hash": "18246b8896b9a40ff0a1839c4492e9a5",
    "packages": [
        {
            "name": "quiz/common",
            "version": "0.0.1",
            "dist": {
                "type": "path",
                "url": "../common",
                "reference": "dc4dd8344a0a259e8e4e67e03d0708aca2aecbac"
            },
            "type": "library",
            "autoload": {
                "psr-4": {
                    "Quiz\\Common\\": "src/"
                }
            },
            "license": [
                "MIT"
            ],
            "description": "Common classes package"
        }
    ],
    "packages-dev": [],
    "aliases": [],
    "minimum-stability": "stable",
    "stability-flags": [],
    "prefer-stable": false,
    "prefer-lowest": false,
    "platform": [],
    "platform-dev": []
}
